// !$*UTF8*$!
{
	archiveVersion = 1;
	classes = {
	};
	objectVersion = 56;
	objects = {

/* Begin PBXBuildFile section */
		5C5F44052A61AF9400709D5E /* Recipe_ListApp.swift in Sources */ = {isa = PBXBuildFile; fileRef = 5C5F44042A61AF9400709D5E /* Recipe_ListApp.swift */; };
		5C5F44072A61AF9400709D5E /* RecipeListView.swift in Sources */ = {isa = PBXBuildFile; fileRef = 5C5F44062A61AF9400709D5E /* RecipeListView.swift */; };
		5C5F44092A61AF9600709D5E /* Assets.xcassets in Resources */ = {isa = PBXBuildFile; fileRef = 5C5F44082A61AF9600709D5E /* Assets.xcassets */; };
		5C5F440C2A61AF9600709D5E /* Preview Assets.xcassets in Resources */ = {isa = PBXBuildFile; fileRef = 5C5F440B2A61AF9600709D5E /* Preview Assets.xcassets */; };
		5C5F44182A61B31A00709D5E /* recipes.json in Resources */ = {isa = PBXBuildFile; fileRef = 5C5F44172A61B31A00709D5E /* recipes.json */; };
		5C5F441A2A61B39D00709D5E /* Recipe.swift in Sources */ = {isa = PBXBuildFile; fileRef = 5C5F44192A61B39D00709D5E /* Recipe.swift */; };
		5C5F441C2A61B6FB00709D5E /* RecipeListModel.swift in Sources */ = {isa = PBXBuildFile; fileRef = 5C5F441B2A61B6FB00709D5E /* RecipeListModel.swift */; };
		5C5F441E2A61BB7900709D5E /* DataService.swift in Sources */ = {isa = PBXBuildFile; fileRef = 5C5F441D2A61BB7900709D5E /* DataService.swift */; };
		5C5F44202A61CB9E00709D5E /* RecipeDetailView.swift in Sources */ = {isa = PBXBuildFile; fileRef = 5C5F441F2A61CB9E00709D5E /* RecipeDetailView.swift */; };
/* End PBXBuildFile section */

/* Begin PBXFileReference section */
		5C5F44012A61AF9400709D5E /* Recipe_ListApp.app */ = {isa = PBXFileReference; explicitFileType = wrapper.application; includeInIndex = 0; path = Recipe_ListApp.app; sourceTree = BUILT_PRODUCTS_DIR; };
		5C5F44042A61AF9400709D5E /* Recipe_ListApp.swift */ = {isa = PBXFileReference; lastKnownFileType = sourcecode.swift; path = Recipe_ListApp.swift; sourceTree = "<group>"; };
		5C5F44062A61AF9400709D5E /* RecipeListView.swift */ = {isa = PBXFileReference; lastKnownFileType = sourcecode.swift; path = RecipeListView.swift; sourceTree = "<group>"; };
		5C5F44082A61AF9600709D5E /* Assets.xcassets */ = {isa = PBXFileReference; lastKnownFileType = folder.assetcatalog; path = Assets.xcassets; sourceTree = "<group>"; };
		5C5F440B2A61AF9600709D5E /* Preview Assets.xcassets */ = {isa = PBXFileReference; lastKnownFileType = folder.assetcatalog; path = "Preview Assets.xcassets"; sourceTree = "<group>"; };
		5C5F44172A61B31A00709D5E /* recipes.json */ = {isa = PBXFileReference; fileEncoding = 4; lastKnownFileType = text.json; path = recipes.json; sourceTree = "<group>"; };
		5C5F44192A61B39D00709D5E /* Recipe.swift */ = {isa = PBXFileReference; lastKnownFileType = sourcecode.swift; path = Recipe.swift; sourceTree = "<group>"; };
		5C5F441B2A61B6FB00709D5E /* RecipeListModel.swift */ = {isa = PBXFileReference; lastKnownFileType = sourcecode.swift; path = RecipeListModel.swift; sourceTree = "<group>"; };
		5C5F441D2A61BB7900709D5E /* DataService.swift */ = {isa = PBXFileReference; lastKnownFileType = sourcecode.swift; path = DataService.swift; sourceTree = "<group>"; };
		5C5F441F2A61CB9E00709D5E /* RecipeDetailView.swift */ = {isa = PBXFileReference; lastKnownFileType = sourcecode.swift; path = RecipeDetailView.swift; sourceTree = "<group>"; };
/* End PBXFileReference section */

/* Begin PBXFrameworksBuildPhase section */
		5C5F43FE2A61AF9400709D5E /* Frameworks */ = {
			isa = PBXFrameworksBuildPhase;
			buildActionMask = 2147483647;
			files = (
			);
			runOnlyForDeploymentPostprocessing = 0;
		};
/* End PBXFrameworksBuildPhase section */

/* Begin PBXGroup section */
		5C5F43F82A61AF9400709D5E = {
			isa = PBXGroup;
			children = (
				5C5F44032A61AF9400709D5E /* Recipe_ListApp */,
				5C5F44022A61AF9400709D5E /* Products */,
			);
			sourceTree = "<group>";
		};
		5C5F44022A61AF9400709D5E /* Products */ = {
			isa = PBXGroup;
			children = (
				5C5F44012A61AF9400709D5E /* Recipe_ListApp.app */,
			);
			name = Products;
			sourceTree = "<group>";
		};
		5C5F44032A61AF9400709D5E /* Recipe_ListApp */ = {
			isa = PBXGroup;
			children = (
				5C5F44042A61AF9400709D5E /* Recipe_ListApp.swift */,
				5C5F44122A61B00300709D5E /* Views */,
				5C5F44132A61B01400709D5E /* ViewModels */,
				5C5F44142A61B02700709D5E /* Models */,
				5C5F44162A61B04500709D5E /* Services */,
				5C5F44152A61B03D00709D5E /* Data */,
				5C5F44082A61AF9600709D5E /* Assets.xcassets */,
				5C5F440A2A61AF9600709D5E /* Preview Content */,
			);
			path = Recipe_ListApp;
			sourceTree = "<group>";
		};
		5C5F440A2A61AF9600709D5E /* Preview Content */ = {
			isa = PBXGroup;
			children = (
				5C5F440B2A61AF9600709D5E /* Preview Assets.xcassets */,
			);
			path = "Preview Content";
			sourceTree = "<group>";
		};
		5C5F44122A61B00300709D5E /* Views */ = {
			isa = PBXGroup;
			children = (
				5C5F44062A61AF9400709D5E /* RecipeListView.swift */,
				5C5F441F2A61CB9E00709D5E /* RecipeDetailView.swift */,
			);
			path = Views;
			sourceTree = "<group>";
		};
		5C5F44132A61B01400709D5E /* ViewModels */ = {
			isa = PBXGroup;
			children = (
				5C5F441B2A61B6FB00709D5E /* RecipeListModel.swift */,
			);
			path = ViewModels;
			sourceTree = "<group>";
		};
		5C5F44142A61B02700709D5E /* Models */ = {
			isa = PBXGroup;
			children = (
				5C5F44192A61B39D00709D5E /* Recipe.swift */,
			);
			path = Models;
			sourceTree = "<group>";
		};
		5C5F44152A61B03D00709D5E /* Data */ = {
			isa = PBXGroup;
			children = (
				5C5F44172A61B31A00709D5E /* recipes.json */,
			);
			path = Data;
			sourceTree = "<group>";
		};
		5C5F44162A61B04500709D5E /* Services */ = {
			isa = PBXGroup;
			children = (
				5C5F441D2A61BB7900709D5E /* DataService.swift */,
			);
			path = Services;
			sourceTree = "<group>";
		};
/* End PBXGroup section */

/* Begin PBXNativeTarget section */
		5C5F44002A61AF9400709D5E /* Recipe_ListApp */ = {
			isa = PBXNativeTarget;
			buildConfigurationList = 5C5F440F2A61AF9600709D5E /* Build configuration list for PBXNativeTarget "Recipe_ListApp" */;
			buildPhases = (
				5C5F43FD2A61AF9400709D5E /* Sources */,
				5C5F43FE2A61AF9400709D5E /* Frameworks */,
				5C5F43FF2A61AF9400709D5E /* Resources */,
			);
			buildRules = (
			);
			dependencies = (
			);
			name = Recipe_ListApp;
			productName = Recipe_ListApp;
			productReference = 5C5F44012A61AF9400709D5E /* Recipe_ListApp.app */;
			productType = "com.apple.product-type.application";
		};
/* End PBXNativeTarget section */

/* Begin PBXProject section */
		5C5F43F92A61AF9400709D5E /* Project object */ = {
			isa = PBXProject;
			attributes = {
				BuildIndependentTargetsInParallel = 1;
				LastSwiftUpdateCheck = 1430;
				LastUpgradeCheck = 1430;
				TargetAttributes = {
					5C5F44002A61AF9400709D5E = {
						CreatedOnToolsVersion = 14.3.1;
					};
				};
			};
			buildConfigurationList = 5C5F43FC2A61AF9400709D5E /* Build configuration list for PBXProject "Recipe_ListApp" */;
			compatibilityVersion = "Xcode 14.0";
			developmentRegion = en;
			hasScannedForEncodings = 0;
			knownRegions = (
				en,
				Base,
			);
			mainGroup = 5C5F43F82A61AF9400709D5E;
			productRefGroup = 5C5F44022A61AF9400709D5E /* Products */;
			projectDirPath = "";
			projectRoot = "";
			targets = (
				5C5F44002A61AF9400709D5E /* Recipe_ListApp */,
			);
		};
/* End PBXProject section */

/* Begin PBXResourcesBuildPhase section */
		5C5F43FF2A61AF9400709D5E /* Resources */ = {
			isa = PBXResourcesBuildPhase;
			buildActionMask = 2147483647;
			files = (
				5C5F440C2A61AF9600709D5E /* Preview Assets.xcassets in Resources */,
				5C5F44182A61B31A00709D5E /* recipes.json in Resources */,
				5C5F44092A61AF9600709D5E /* Assets.xcassets in Resources */,
			);
			runOnlyForDeploymentPostprocessing = 0;
		};
/* End PBXResourcesBuildPhase section */

/* Begin PBXSourcesBuildPhase section */
		5C5F43FD2A61AF9400709D5E /* Sources */ = {
			isa = PBXSourcesBuildPhase;
			buildActionMask = 2147483647;
			files = (
				5C5F441A2A61B39D00709D5E /* Recipe.swift in Sources */,
				5C5F44202A61CB9E00709D5E /* RecipeDetailView.swift in Sources */,
				5C5F441C2A61B6FB00709D5E /* RecipeListModel.swift in Sources */,
				5C5F44072A61AF9400709D5E /* RecipeListView.swift in Sources */,
				5C5F44052A61AF9400709D5E /* Recipe_ListApp.swift in Sources */,
				5C5F441E2A61BB7900709D5E /* DataService.swift in Sources */,
			);
			runOnlyForDeploymentPostprocessing = 0;
		};
/* End PBXSourcesBuildPhase section */

/* Begin XCBuildConfiguration section */
		5C5F440D2A61AF9600709D5E /* Debug */ = {
			isa = XCBuildConfiguration;
			buildSettings = {
				ALWAYS_SEARCH_USER_PATHS = NO;
				CLANG_ANALYZER_NONNULL = YES;
				CLANG_ANALYZER_NUMBER_OBJECT_CONVERSION = YES_AGGRESSIVE;
				CLANG_CXX_LANGUAGE_STANDARD = "gnu++20";
				CLANG_ENABLE_MODULES = YES;
				CLANG_ENABLE_OBJC_ARC = YES;
				CLANG_ENABLE_OBJC_WEAK = YES;
				CLANG_WARN_BLOCK_CAPTURE_AUTORELEASING = YES;
				CLANG_WARN_BOOL_CONVERSION = YES;
				CLANG_WARN_COMMA = YES;
				CLANG_WARN_CONSTANT_CONVERSION = YES;
				CLANG_WARN_DEPRECATED_OBJC_IMPLEMENTATIONS = YES;
				CLANG_WARN_DIRECT_OBJC_ISA_USAGE = YES_ERROR;
				CLANG_WARN_DOCUMENTATION_COMMENTS = YES;
				CLANG_WARN_EMPTY_BODY = YES;
				CLANG_WARN_ENUM_CONVERSION = YES;
				CLANG_WARN_INFINITE_RECURSION = YES;
				CLANG_WARN_INT_CONVERSION = YES;
				CLANG_WARN_NON_LITERAL_NULL_CONVERSION = YES;
				CLANG_WARN_OBJC_IMPLICIT_RETAIN_SELF = YES;
				CLANG_WARN_OBJC_LITERAL_CONVERSION = YES;
				CLANG_WARN_OBJC_ROOT_CLASS = YES_ERROR;
				CLANG_WARN_QUOTED_INCLUDE_IN_FRAMEWORK_HEADER = YES;
				CLANG_WARN_RANGE_LOOP_ANALYSIS = YES;
				CLANG_WARN_STRICT_PROTOTYPES = YES;
				CLANG_WARN_SUSPICIOUS_MOVE = YES;
				CLANG_WARN_UNGUARDED_AVAILABILITY = YES_AGGRESSIVE;
				CLANG_WARN_UNREACHABLE_CODE = YES;
				CLANG_WARN__DUPLICATE_METHOD_MATCH = YES;
				COPY_PHASE_STRIP = NO;
				DEBUG_INFORMATION_FORMAT = dwarf;
				ENABLE_STRICT_OBJC_MSGSEND = YES;
				ENABLE_TESTABILITY = YES;
				GCC_C_LANGUAGE_STANDARD = gnu11;
				GCC_DYNAMIC_NO_PIC = NO;
				GCC_NO_COMMON_BLOCKS = YES;
				GCC_OPTIMIZATION_LEVEL = 0;
				GCC_PREPROCESSOR_DEFINITIONS = (
					"DEBUG=1",
					"$(inherited)",
				);
				GCC_WARN_64_TO_32_BIT_CONVERSION = YES;
				GCC_WARN_ABOUT_RETURN_TYPE = YES_ERROR;
				GCC_WARN_UNDECLARED_SELECTOR = YES;
				GCC_WARN_UNINITIALIZED_AUTOS = YES_AGGRESSIVE;
				GCC_WARN_UNUSED_FUNCTION = YES;
				GCC_WARN_UNUSED_VARIABLE = YES;
				IPHONEOS_DEPLOYMENT_TARGET = 16.4;
				MTL_ENABLE_DEBUG_INFO = INCLUDE_SOURCE;
				MTL_FAST_MATH = YES;
				ONLY_ACTIVE_ARCH = YES;
				SDKROOT = iphoneos;
				SWIFT_ACTIVE_COMPILATION_CONDITIONS = DEBUG;
				SWIFT_OPTIMIZATION_LEVEL = "-Onone";
			};
			name = Debug;
		};
		5C5F440E2A61AF9600709D5E /* Release */ = {
			isa = XCBuildConfiguration;
			buildSettings = {
				ALWAYS_SEARCH_USER_PATHS = NO;
				CLANG_ANALYZER_NONNULL = YES;
				CLANG_ANALYZER_NUMBER_OBJECT_CONVERSION = YES_AGGRESSIVE;
				CLANG_CXX_LANGUAGE_STANDARD = "gnu++20";
				CLANG_ENABLE_MODULES = YES;
				CLANG_ENABLE_OBJC_ARC = YES;
				CLANG_ENABLE_OBJC_WEAK = YES;
				CLANG_WARN_BLOCK_CAPTURE_AUTORELEASING = YES;
				CLANG_WARN_BOOL_CONVERSION = YES;
				CLANG_WARN_COMMA = YES;
				CLANG_WARN_CONSTANT_CONVERSION = YES;
				CLANG_WARN_DEPRECATED_OBJC_IMPLEMENTATIONS = YES;
				CLANG_WARN_DIRECT_OBJC_ISA_USAGE = YES_ERROR;
				CLANG_WARN_DOCUMENTATION_COMMENTS = YES;
				CLANG_WARN_EMPTY_BODY = YES;
				CLANG_WARN_ENUM_CONVERSION = YES;
				CLANG_WARN_INFINITE_RECURSION = YES;
				CLANG_WARN_INT_CONVERSION = YES;
				CLANG_WARN_NON_LITERAL_NULL_CONVERSION = YES;
				CLANG_WARN_OBJC_IMPLICIT_RETAIN_SELF = YES;
				CLANG_WARN_OBJC_LITERAL_CONVERSION = YES;
				CLANG_WARN_OBJC_ROOT_CLASS = YES_ERROR;
				CLANG_WARN_QUOTED_INCLUDE_IN_FRAMEWORK_HEADER = YES;
				CLANG_WARN_RANGE_LOOP_ANALYSIS = YES;
				CLANG_WARN_STRICT_PROTOTYPES = YES;
				CLANG_WARN_SUSPICIOUS_MOVE = YES;
				CLANG_WARN_UNGUARDED_AVAILABILITY = YES_AGGRESSIVE;
				CLANG_WARN_UNREACHABLE_CODE = YES;
				CLANG_WARN__DUPLICATE_METHOD_MATCH = YES;
				COPY_PHASE_STRIP = NO;
				DEBUG_INFORMATION_FORMAT = "dwarf-with-dsym";
				ENABLE_NS_ASSERTIONS = NO;
				ENABLE_STRICT_OBJC_MSGSEND = YES;
				GCC_C_LANGUAGE_STANDARD = gnu11;
				GCC_NO_COMMON_BLOCKS = YES;
				GCC_WARN_64_TO_32_BIT_CONVERSION = YES;
				GCC_WARN_ABOUT_RETURN_TYPE = YES_ERROR;
				GCC_WARN_UNDECLARED_SELECTOR = YES;
				GCC_WARN_UNINITIALIZED_AUTOS = YES_AGGRESSIVE;
				GCC_WARN_UNUSED_FUNCTION = YES;
				GCC_WARN_UNUSED_VARIABLE = YES;
				IPHONEOS_DEPLOYMENT_TARGET = 16.4;
				MTL_ENABLE_DEBUG_INFO = NO;
				MTL_FAST_MATH = YES;
				SDKROOT = iphoneos;
				SWIFT_COMPILATION_MODE = wholemodule;
				SWIFT_OPTIMIZATION_LEVEL = "-O";
				VALIDATE_PRODUCT = YES;
			};
			name = Release;
		};
		5C5F44102A61AF9600709D5E /* Debug */ = {
			isa = XCBuildConfiguration;
			buildSettings = {
				ASSETCATALOG_COMPILER_APPICON_NAME = AppIcon;
				ASSETCATALOG_COMPILER_GLOBAL_ACCENT_COLOR_NAME = AccentColor;
				CODE_SIGN_STYLE = Automatic;
				CURRENT_PROJECT_VERSION = 1;
				DEVELOPMENT_ASSET_PATHS = "\"Recipe_ListApp/Preview Content\"";
				ENABLE_PREVIEWS = YES;
				GENERATE_INFOPLIST_FILE = YES;
				INFOPLIST_KEY_UIApplicationSceneManifest_Generation = YES;
				INFOPLIST_KEY_UIApplicationSupportsIndirectInputEvents = YES;
				INFOPLIST_KEY_UILaunchScreen_Generation = YES;
				INFOPLIST_KEY_UISupportedInterfaceOrientations_iPad = "UIInterfaceOrientationPortrait UIInterfaceOrientationPortraitUpsideDown UIInterfaceOrientationLandscapeLeft UIInterfaceOrientationLandscapeRight";
				INFOPLIST_KEY_UISupportedInterfaceOrientations_iPhone = "UIInterfaceOrientationPortrait UIInterfaceOrientationLandscapeLeft UIInterfaceOrientationLandscapeRight";
				LD_RUNPATH_SEARCH_PATHS = (
					"$(inherited)",
					"@executable_path/Frameworks",
				);
				MARKETING_VERSION = 1.0;
				PRODUCT_BUNDLE_IDENTIFIER = "com.shanker.Recipe-ListApp";
				PRODUCT_NAME = "$(TARGET_NAME)";
				SWIFT_EMIT_LOC_STRINGS = YES;
				SWIFT_VERSION = 5.0;
				TARGETED_DEVICE_FAMILY = "1,2";
			};
			name = Debug;
		};
		5C5F44112A61AF9600709D5E /* Release */ = {
			isa = XCBuildConfiguration;
			buildSettings = {
				ASSETCATALOG_COMPILER_APPICON_NAME = AppIcon;
				ASSETCATALOG_COMPILER_GLOBAL_ACCENT_COLOR_NAME = AccentColor;
				CODE_SIGN_STYLE = Automatic;
				CURRENT_PROJECT_VERSION = 1;
				DEVELOPMENT_ASSET_PATHS = "\"Recipe_ListApp/Preview Content\"";
				ENABLE_PREVIEWS = YES;
				GENERATE_INFOPLIST_FILE = YES;
				INFOPLIST_KEY_UIApplicationSceneManifest_Generation = YES;
				INFOPLIST_KEY_UIApplicationSupportsIndirectInputEvents = YES;
				INFOPLIST_KEY_UILaunchScreen_Generation = YES;
				INFOPLIST_KEY_UISupportedInterfaceOrientations_iPad = "UIInterfaceOrientationPortrait UIInterfaceOrientationPortraitUpsideDown UIInterfaceOrientationLandscapeLeft UIInterfaceOrientationLandscapeRight";
				INFOPLIST_KEY_UISupportedInterfaceOrientations_iPhone = "UIInterfaceOrientationPortrait UIInterfaceOrientationLandscapeLeft UIInterfaceOrientationLandscapeRight";
				LD_RUNPATH_SEARCH_PATHS = (
					"$(inherited)",
					"@executable_path/Frameworks",
				);
				MARKETING_VERSION = 1.0;
				PRODUCT_BUNDLE_IDENTIFIER = "com.shanker.Recipe-ListApp";
				PRODUCT_NAME = "$(TARGET_NAME)";
				SWIFT_EMIT_LOC_STRINGS = YES;
				SWIFT_VERSION = 5.0;
				TARGETED_DEVICE_FAMILY = "1,2";
			};
			name = Release;
		};
/* End XCBuildConfiguration section */

/* Begin XCConfigurationList section */
		5C5F43FC2A61AF9400709D5E /* Build configuration list for PBXProject "Recipe_ListApp" */ = {
			isa = XCConfigurationList;
			buildConfigurations = (
				5C5F440D2A61AF9600709D5E /* Debug */,
				5C5F440E2A61AF9600709D5E /* Release */,
			);
			defaultConfigurationIsVisible = 0;
			defaultConfigurationName = Release;
		};
		5C5F440F2A61AF9600709D5E /* Build configuration list for PBXNativeTarget "Recipe_ListApp" */ = {
			isa = XCConfigurationList;
			buildConfigurations = (
				5C5F44102A61AF9600709D5E /* Debug */,
				5C5F44112A61AF9600709D5E /* Release */,
			);
			defaultConfigurationIsVisible = 0;
			defaultConfigurationName = Release;
		};
/* End XCConfigurationList section */
	};
	rootObject = 5C5F43F92A61AF9400709D5E /* Project object */;
}
